
Microsoft Visual Studio Solution File, Format Version 12.00
# Visual Studio Version 17
VisualStudioVersion = 17.14.36221.1 d17.14
MinimumVisualStudioVersion = 10.0.40219.1
Project("{FAE04EC0-301F-11D3-BF4B-00C04F79EFBC}") = "ExpenseManager", "ExpenseManager.csproj", "{E71DE29F-6362-46B3-B162-75C8DCEDE98E}"
EndProject
Global
	GlobalSection(SolutionConfigurationPlatforms) = preSolution
		Debug|Any CPU = Debug|Any CPU
		Release|Any CPU = Release|Any CPU
	EndGlobalSection
	GlobalSection(ProjectConfigurationPlatforms) = postSolution
		{E71DE29F-6362-46B3-B162-75C8DCEDE98E}.Debug|Any CPU.ActiveCfg = Debug|Any CPU
		{E71DE29F-6362-46B3-B162-75C8DCEDE98E}.Debug|Any CPU.Build.0 = Debug|Any CPU
		{E71DE29F-6362-46B3-B162-75C8DCEDE98E}.Release|Any CPU.ActiveCfg = Release|Any CPU
		{E71DE29F-6362-46B3-B162-75C8DCEDE98E}.Release|Any CPU.Build.0 = Release|Any CPU
	EndGlobalSection
	GlobalSection(SolutionProperties) = preSolution
		HideSolutionNode = FALSE
	EndGlobalSection
	GlobalSection(ExtensibilityGlobals) = postSolution
		SolutionGuid = {23EEC419-91ED-4638-A363-5595A572442B}
	EndGlobalSection
EndGlobal
